
Microsoft Visual Studio Solution File, Format Version 12.00
# Visual Studio 15
VisualStudioVersion = 15.0.28307.2092
MinimumVisualStudioVersion = 10.0.40219.1
Project("{FAE04EC0-301F-11D3-BF4B-00C04F79EFBC}") = "FilesCreator", "FilesCreator\FilesCreator.csproj", "{57EF995B-7193-452D-9A3F-C2A38E82E12C}"
EndProject
Global
	GlobalSection(SolutionConfigurationPlatforms) = preSolution
		Debug|Any CPU = Debug|Any CPU
		Release|Any CPU = Release|Any CPU
	EndGlobalSection
	GlobalSection(ProjectConfigurationPlatforms) = postSolution
		{57EF995B-7193-452D-9A3F-C2A38E82E12C}.Debug|Any CPU.ActiveCfg = Debug|Any CPU
		{57EF995B-7193-452D-9A3F-C2A38E82E12C}.Debug|Any CPU.Build.0 = Debug|Any CPU
		{57EF995B-7193-452D-9A3F-C2A38E82E12C}.Release|Any CPU.ActiveCfg = Release|Any CPU
		{57EF995B-7193-452D-9A3F-C2A38E82E12C}.Release|Any CPU.Build.0 = Release|Any CPU
	EndGlobalSection
	GlobalSection(SolutionProperties) = preSolution
		HideSolutionNode = FALSE
	EndGlobalSection
	GlobalSection(ExtensibilityGlobals) = postSolution
		SolutionGuid = {2EDE8D0C-0F48-467A-82E8-1E9D5AEC2433}
	EndGlobalSection
EndGlobal
